
Microsoft Visual Studio Solution File, Format Version 12.00
# Visual Studio 14
VisualStudioVersion = 14.0.24720.0
MinimumVisualStudioVersion = 10.0.40219.1
Project("{FAE04EC0-301F-11D3-BF4B-00C04F79EFBC}") = "Serilog.Sinks.RethinkDB", "Serilog.Sinks.RethinkDB\Serilog.Sinks.RethinkDB.csproj", "{416CCF2F-E467-4D35-A217-17A18891CEA1}"
EndProject
Project("{FAE04EC0-301F-11D3-BF4B-00C04F79EFBC}") = "RethinkLogs", "RethinkLogs\RethinkLogs.csproj", "{A8D063F3-D9A7-404C-92FD-E766D22C996C}"
EndProject
Project("{FAE04EC0-301F-11D3-BF4B-00C04F79EFBC}") = "LogProducer", "LogProducer\LogProducer.csproj", "{4CD0C261-8741-4CAF-987C-6D5FC1AAABA4}"
EndProject
Global
	GlobalSection(SolutionConfigurationPlatforms) = preSolution
		Debug|Any CPU = Debug|Any CPU
		Release|Any CPU = Release|Any CPU
	EndGlobalSection
	GlobalSection(ProjectConfigurationPlatforms) = postSolution
		{416CCF2F-E467-4D35-A217-17A18891CEA1}.Debug|Any CPU.ActiveCfg = Debug|Any CPU
		{416CCF2F-E467-4D35-A217-17A18891CEA1}.Debug|Any CPU.Build.0 = Debug|Any CPU
		{416CCF2F-E467-4D35-A217-17A18891CEA1}.Release|Any CPU.ActiveCfg = Release|Any CPU
		{416CCF2F-E467-4D35-A217-17A18891CEA1}.Release|Any CPU.Build.0 = Release|Any CPU
		{A8D063F3-D9A7-404C-92FD-E766D22C996C}.Debug|Any CPU.ActiveCfg = Debug|Any CPU
		{A8D063F3-D9A7-404C-92FD-E766D22C996C}.Debug|Any CPU.Build.0 = Debug|Any CPU
		{A8D063F3-D9A7-404C-92FD-E766D22C996C}.Release|Any CPU.ActiveCfg = Release|Any CPU
		{A8D063F3-D9A7-404C-92FD-E766D22C996C}.Release|Any CPU.Build.0 = Release|Any CPU
		{4CD0C261-8741-4CAF-987C-6D5FC1AAABA4}.Debug|Any CPU.ActiveCfg = Debug|Any CPU
		{4CD0C261-8741-4CAF-987C-6D5FC1AAABA4}.Debug|Any CPU.Build.0 = Debug|Any CPU
		{4CD0C261-8741-4CAF-987C-6D5FC1AAABA4}.Release|Any CPU.ActiveCfg = Release|Any CPU
		{4CD0C261-8741-4CAF-987C-6D5FC1AAABA4}.Release|Any CPU.Build.0 = Release|Any CPU
	EndGlobalSection
	GlobalSection(SolutionProperties) = preSolution
		HideSolutionNode = FALSE
	EndGlobalSection
EndGlobal
